{
  "name": "functions",
  "version": "1.0.0",
  "lockfileVersion": 1,
  "requires": true,
  "dependencies": {
    "cloudinary": {
      "version": "1.23.0",
      "resolved": "https://registry.npmjs.org/cloudinary/-/cloudinary-1.23.0.tgz",
      "integrity": "sha512-akOxzroonvwWkuSVq7BI50nYpZPRXc5DbQIYETCVeKX9ZoToH2Gvc3MdUH63UtKiszuGYE51q2B+jQsJkBp2AQ==",
      "requires": {
        "cloudinary-core": "^2.10.2",
        "core-js": "3.6.5",
        "lodash": "^4.17.11",
        "q": "^1.5.1"
      }
    },
    "cloudinary-core": {
      "version": "2.11.2",
      "resolved": "https://registry.npmjs.org/cloudinary-core/-/cloudinary-core-2.11.2.tgz",
      "integrity": "sha512-Dl545+AzPRGjx58cXB9gznXtA1dol0pmDqTxHos1hRcdbUcpUcuVzPkBnJjNO3F4K6BfZ5kSda9kzD+Qu7Yhgg=="
    },
    "core-js": {
      "version": "3.6.5",
      "resolved": "https://registry.npmjs.org/core-js/-/core-js-3.6.5.tgz",
      "integrity": "sha512-vZVEEwZoIsI+vPEuoF9Iqf5H7/M3eeQqWlQnYa8FSKKePuYTf5MWnxb5SDAzCa60b3JBRS5g9b+Dq7b1y/RCrA=="
    },
    "encoding": {
      "version": "0.1.13",
      "resolved": "https://registry.npmjs.org/encoding/-/encoding-0.1.13.tgz",
      "integrity": "sha512-ETBauow1T35Y/WZMkio9jiM0Z5xjHHmJ4XmjZOq1l/dXz3lr2sRn87nJy20RupqSh1F2m3HHPSp8ShIPQJrJ3A==",
      "requires": {
        "iconv-lite": "^0.6.2"
      }
    },
    "iconv-lite": {
      "version": "0.6.2",
      "resolved": "https://registry.npmjs.org/iconv-lite/-/iconv-lite-0.6.2.tgz",
      "integrity": "sha512-2y91h5OpQlolefMPmUlivelittSWy0rP+oYVpn6A7GwVHNE8AWzoYOBNmlwks3LobaJxgHCYZAnyNo2GgpNRNQ==",
      "requires": {
        "safer-buffer": ">= 2.1.2 < 3.0.0"
      }
    },
    "is-stream": {
      "version": "1.1.0",
      "resolved": "https://registry.npmjs.org/is-stream/-/is-stream-1.1.0.tgz",
      "integrity": "sha1-EtSj3U5o4Lec6428hBc66A2RykQ="
    },
    "isomorphic-fetch": {
      "version": "2.2.1",
      "resolved": "https://registry.npmjs.org/isomorphic-fetch/-/isomorphic-fetch-2.2.1.tgz",
      "integrity": "sha1-YRrhrPFPXoH3KVB0coGf6XM1WKk=",
      "requires": {
        "node-fetch": "^1.0.1",
        "whatwg-fetch": ">=0.10.0"
      }
    },
    "lodash": {
      "version": "4.17.21",
      "resolved": "https://registry.npmjs.org/lodash/-/lodash-4.17.21.tgz",
      "integrity": "sha512-v2kDEe57lecTulaDIuNTPy3Ry4gLGJ6Z1O3vE1krgXZNrsQ+LFTGHVxVjcXPs17LhbZVGedAJv8XZ1tvj5FvSg=="
    },
    "node-fetch": {
      "version": "1.7.3",
      "resolved": "https://registry.npmjs.org/node-fetch/-/node-fetch-1.7.3.tgz",
      "integrity": "sha512-NhZ4CsKx7cYm2vSrBAr2PvFOe6sWDf0UYLRqA6svUYg7+/TSfVAu49jYC4BvQ4Sms9SZgdqGBgroqfDhJdTyKQ==",
      "requires": {
        "encoding": "^0.1.11",
        "is-stream": "^1.0.1"
      }
    },
    "q": {
      "version": "1.5.1",
      "resolved": "https://registry.npmjs.org/q/-/q-1.5.1.tgz",
      "integrity": "sha1-fjL3W0E4EpHQRhHxvxQQmsAGUdc="
    },
    "safer-buffer": {
      "version": "2.1.2",
      "resolved": "https://registry.npmjs.org/safer-buffer/-/safer-buffer-2.1.2.tgz",
      "integrity": "sha512-YZo3K82SD7Riyi0E1EQPojLz7kpepnSQI9IyPbHHg1XXXevb5dJI7tpyN2ADxGcQbHG7vcyRHk0cbwqcQriUtg=="
    },
    "whatwg-fetch": {
      "version": "3.4.1",
      "resolved": "https://registry.npmjs.org/whatwg-fetch/-/whatwg-fetch-3.4.1.tgz",
      "integrity": "sha512-sofZVzE1wKwO+EYPbWfiwzaKovWiZXf4coEzjGP9b2GBVgQRLQUZ2QcuPpQExGDAW5GItpEm6Tl4OU5mywnAoQ=="
    }
  }
}
